
Microsoft Visual Studio Solution File, Format Version 12.00
# Visual Studio Version 16
VisualStudioVersion = 16.0.31025.194
MinimumVisualStudioVersion = 10.0.40219.1
Project("{FAE04EC0-301F-11D3-BF4B-00C04F79EFBC}") = "StajUygulama1", "StajUygulama1\StajUygulama1.csproj", "{315E6C99-FB5A-4593-8464-B6E8773D6A1D}"
EndProject
Global
	GlobalSection(SolutionConfigurationPlatforms) = preSolution
		Debug|Any CPU = Debug|Any CPU
		Release|Any CPU = Release|Any CPU
	EndGlobalSection
	GlobalSection(ProjectConfigurationPlatforms) = postSolution
		{315E6C99-FB5A-4593-8464-B6E8773D6A1D}.Debug|Any CPU.ActiveCfg = Debug|Any CPU
		{315E6C99-FB5A-4593-8464-B6E8773D6A1D}.Debug|Any CPU.Build.0 = Debug|Any CPU
		{315E6C99-FB5A-4593-8464-B6E8773D6A1D}.Release|Any CPU.ActiveCfg = Release|Any CPU
		{315E6C99-FB5A-4593-8464-B6E8773D6A1D}.Release|Any CPU.Build.0 = Release|Any CPU
	EndGlobalSection
	GlobalSection(SolutionProperties) = preSolution
		HideSolutionNode = FALSE
	EndGlobalSection
	GlobalSection(ExtensibilityGlobals) = postSolution
		SolutionGuid = {004957BE-C65D-418A-A927-76C1A1B26FE9}
	EndGlobalSection
EndGlobal
